
Microsoft Visual Studio Solution File, Format Version 12.00
# Visual Studio 15
VisualStudioVersion = 15.0.28307.645
MinimumVisualStudioVersion = 10.0.40219.1
Project("{FAE04EC0-301F-11D3-BF4B-00C04F79EFBC}") = "D15_EFCore", "D15_EFCore\D15_EFCore.csproj", "{52C8EB8F-25EB-4364-BBD7-8CF90BF98D28}"
EndProject
Project("{FAE04EC0-301F-11D3-BF4B-00C04F79EFBC}") = "DBFirst", "DBFirst\DBFirst.csproj", "{DAA84419-8B12-4B20-96DD-B912818D400C}"
EndProject
Global
	GlobalSection(SolutionConfigurationPlatforms) = preSolution
		Debug|Any CPU = Debug|Any CPU
		Release|Any CPU = Release|Any CPU
	EndGlobalSection
	GlobalSection(ProjectConfigurationPlatforms) = postSolution
		{52C8EB8F-25EB-4364-BBD7-8CF90BF98D28}.Debug|Any CPU.ActiveCfg = Debug|Any CPU
		{52C8EB8F-25EB-4364-BBD7-8CF90BF98D28}.Debug|Any CPU.Build.0 = Debug|Any CPU
		{52C8EB8F-25EB-4364-BBD7-8CF90BF98D28}.Release|Any CPU.ActiveCfg = Release|Any CPU
		{52C8EB8F-25EB-4364-BBD7-8CF90BF98D28}.Release|Any CPU.Build.0 = Release|Any CPU
		{DAA84419-8B12-4B20-96DD-B912818D400C}.Debug|Any CPU.ActiveCfg = Debug|Any CPU
		{DAA84419-8B12-4B20-96DD-B912818D400C}.Debug|Any CPU.Build.0 = Debug|Any CPU
		{DAA84419-8B12-4B20-96DD-B912818D400C}.Release|Any CPU.ActiveCfg = Release|Any CPU
		{DAA84419-8B12-4B20-96DD-B912818D400C}.Release|Any CPU.Build.0 = Release|Any CPU
	EndGlobalSection
	GlobalSection(SolutionProperties) = preSolution
		HideSolutionNode = FALSE
	EndGlobalSection
	GlobalSection(ExtensibilityGlobals) = postSolution
		SolutionGuid = {ABB1FFF6-F4A6-4D40-B32A-14CE820F21F0}
	EndGlobalSection
EndGlobal
