
Microsoft Visual Studio Solution File, Format Version 12.00
# Visual Studio 15
VisualStudioVersion = 15.0.28307.645
MinimumVisualStudioVersion = 10.0.40219.1
Project("{FAE04EC0-301F-11D3-BF4B-00C04F79EFBC}") = "D14_ADONET", "D14_ADONET\D14_ADONET.csproj", "{BFA56F79-F694-4D92-B841-FB09882EA0C8}"
EndProject
Global
	GlobalSection(SolutionConfigurationPlatforms) = preSolution
		Debug|Any CPU = Debug|Any CPU
		Release|Any CPU = Release|Any CPU
	EndGlobalSection
	GlobalSection(ProjectConfigurationPlatforms) = postSolution
		{BFA56F79-F694-4D92-B841-FB09882EA0C8}.Debug|Any CPU.ActiveCfg = Debug|Any CPU
		{BFA56F79-F694-4D92-B841-FB09882EA0C8}.Debug|Any CPU.Build.0 = Debug|Any CPU
		{BFA56F79-F694-4D92-B841-FB09882EA0C8}.Release|Any CPU.ActiveCfg = Release|Any CPU
		{BFA56F79-F694-4D92-B841-FB09882EA0C8}.Release|Any CPU.Build.0 = Release|Any CPU
	EndGlobalSection
	GlobalSection(SolutionProperties) = preSolution
		HideSolutionNode = FALSE
	EndGlobalSection
	GlobalSection(ExtensibilityGlobals) = postSolution
		SolutionGuid = {77328951-F435-4391-A55C-BE66FB5A5CEE}
	EndGlobalSection
EndGlobal
